github.com/KKKZOZ/hugo-admonitions v0.4.3 h1:0WabpMZhre8wqEB3eA1+jpMDlo9FCrioeYhvfX27qPA=
github.com/KKKZOZ/hugo-admonitions v0.4.3/go.mod h1:4PsJAsqo3mS3VzAtDLa8k0ds+CJQUWZhAo9kLi1NRlM=
github.com/alex-shpak/hugo-book v0.0.0-20241009212754-7c78a39c531a h1:GiRJQYc9Bt8H59/e0w/97i46Ql39CUIdDQjHikd9scA=
github.com/alex-shpak/hugo-book v0.0.0-20241009212754-7c78a39c531a/go.mod h1:L4NMyzbn15fpLIpmmtDg9ZFFyTZzw87/lk7M2bMQ7ds=
github.com/hugomods/font-awesome v6.7.1+incompatible h1:eM2vtHyQJVMnD9tgdGFbEgEiPh3sqnmu3EP3CFTyPLY=
github.com/hugomods/font-awesome v6.7.1+incompatible/go.mod h1:C2wW6xDvHkcMlJMVTPQ+Npt+rO0OGv13xT1iyll2z2Q=
github.com/hugomods/icons v0.6.6 h1:gGlafcBDRP7sSID+tgLcWdog+s/QBj8DIfU+h9tZj1U=
github.com/hugomods/icons v0.6.6/go.mod h1:cIkSvK6W0q6N4U6n9KGz+QfRWQXAW0INd+1P31gPNGg=
github.com/hugomods/icons/vendors/font-awesome v0.6.12 h1:I8ckJFuxr8mD8bJ4NX9NrmnHd3f6XvITuD2ME8a9wXc=
github.com/hugomods/icons/vendors/font-awesome v0.6.12/go.mod h1:6YBo/5GaNpAocKwnKNWcd9xkliiRJXmwz2mstY5lr9I=
